
Microsoft Visual Studio Solution File, Format Version 12.00
# Visual Studio Version 17
VisualStudioVersion = 17.4.33213.308
MinimumVisualStudioVersion = 10.0.40219.1
Project("{9A19103F-16F7-4668-BE54-9A1E7A4F7556}") = "2.1 Hello World", "Hello World\2.1 Hello World.csproj", "{DEB48A0E-C545-4995-B271-F65E44086B3B}"
EndProject
Project("{9A19103F-16F7-4668-BE54-9A1E7A4F7556}") = "2.1 Hello world TLS", "Hello world TLS\2.1 Hello world TLS.csproj", "{B06B4175-DD74-4763-B645-367BB6B27E18}"
EndProject
Project("{9A19103F-16F7-4668-BE54-9A1E7A4F7556}") = "2.2 Float", "2.2 Float\2.2 Float.csproj", "{F9CD77FC-34FC-456C-A12F-003BA5BCC98E}"
EndProject
Project("{9A19103F-16F7-4668-BE54-9A1E7A4F7556}") = "2.3 If", "2.3 If\2.3 If.csproj", "{101BA3CA-D0F3-4EDB-AB11-BE6E717CA212}"
EndProject
Project("{9A19103F-16F7-4668-BE54-9A1E7A4F7556}") = "2.4. If else", "2.4. If else\2.4. If else.csproj", "{DB407415-6E19-48CF-833B-95B500214B2B}"
EndProject
Project("{9A19103F-16F7-4668-BE54-9A1E7A4F7556}") = "2.5. Switch", "2.5. Switch\2.5. Switch.csproj", "{3DD9FFD3-9600-49CA-980C-608A1693E76B}"
EndProject
Project("{9A19103F-16F7-4668-BE54-9A1E7A4F7556}") = "2.6. Foreach", "2.6. Foreach\2.6. Foreach.csproj", "{8A9763C9-4B88-49C4-B640-8E54EEE07AAF}"
EndProject
Project("{9A19103F-16F7-4668-BE54-9A1E7A4F7556}") = "2.7. For", "2.7. For\2.7. For.csproj", "{7001E74B-B309-4B3C-996E-0C93E02723A4}"
EndProject
Project("{9A19103F-16F7-4668-BE54-9A1E7A4F7556}") = "2.8. While", "2.8. While\2.8. While.csproj", "{035A7E3D-2F87-41B4-A587-2687ABB3A8DA}"
EndProject
Project("{9A19103F-16F7-4668-BE54-9A1E7A4F7556}") = "2.9. Method", "2.9. Method\2.9. Method.csproj", "{C6AD7948-43F8-451C-B366-E8B71524C165}"
EndProject
Project("{9A19103F-16F7-4668-BE54-9A1E7A4F7556}") = "3.1. Plane1", "3.1. Plane1\3.1. Plane1.csproj", "{7F8FC438-B6B1-4DA4-BDE1-31D16FFDC67C}"
EndProject
Project("{9A19103F-16F7-4668-BE54-9A1E7A4F7556}") = "3.2. Plane2", "3.2. Plane2\3.2. Plane2.csproj", "{EB3235B4-0542-470C-8FD5-DFC35B7EDE6D}"
EndProject
Project("{9A19103F-16F7-4668-BE54-9A1E7A4F7556}") = "3.3. Plane3", "3.3. Plane3\3.3. Plane3.csproj", "{8B0D2818-0690-4EE8-BDB8-470A98AC6E5B}"
EndProject
Project("{9A19103F-16F7-4668-BE54-9A1E7A4F7556}") = "3.4. Plane4", "3.4. Plane4\3.4. Plane4.csproj", "{3997B876-C6CA-4982-A53F-151FA66D0A37}"
EndProject
Project("{9A19103F-16F7-4668-BE54-9A1E7A4F7556}") = "3.5. Plane5", "3.5. Plane5\3.5. Plane5.csproj", "{3AA667D7-B4C5-4951-8DDB-2A0DDDB268AE}"
EndProject
Project("{9A19103F-16F7-4668-BE54-9A1E7A4F7556}") = "3.6. Plane6", "3.6. Plane6\3.6. Plane6.csproj", "{DB075A50-BAFF-4DC8-B90C-85554EA4F2FC}"
EndProject
Project("{9A19103F-16F7-4668-BE54-9A1E7A4F7556}") = "3.7. Plane7", "3.7. Plane7\3.7. Plane7.csproj", "{7DFEC429-112D-48DD-BAD9-801650C90BE6}"
EndProject
Project("{9A19103F-16F7-4668-BE54-9A1E7A4F7556}") = "3.8. PolarPoint3D", "3.8. PolarPoint3D\3.8. PolarPoint3D.csproj", "{8FD97F12-4213-49D1-BCF0-299C8D4A11B3}"
EndProject
Project("{9A19103F-16F7-4668-BE54-9A1E7A4F7556}") = "3.9. MyMethod", "3.9. MyMethod\3.9. MyMethod.csproj", "{892D4D2A-50BB-44C8-97AD-39CCCBF0FFCB}"
EndProject
Project("{9A19103F-16F7-4668-BE54-9A1E7A4F7556}") = "3.10. Plane9", "3.10. Plane9\3.10. Plane9.csproj", "{02BD8D88-0CAF-43CF-A73C-F36262206E67}"
EndProject
Project("{9A19103F-16F7-4668-BE54-9A1E7A4F7556}") = "3.11. UpdatePosition", "3.11. UpdatePosition\3.11. UpdatePosition.csproj", "{CCB9F43C-5A6B-4183-8C67-8BF128ADBE44}"
EndProject
Project("{9A19103F-16F7-4668-BE54-9A1E7A4F7556}") = "4.1. FireChief", "4.1. FireChief\4.1. FireChief.csproj", "{A71EE82A-E529-4B30-93C3-E11EF047F852}"
EndProject
Project("{9A19103F-16F7-4668-BE54-9A1E7A4F7556}") = "4.02. UsingBase", "4.02. UsingBase\4.02. UsingBase.csproj", "{9DF44019-7C9D-4490-B227-CE52E4436826}"
EndProject
Project("{9A19103F-16F7-4668-BE54-9A1E7A4F7556}") = "4.03. UsingDerived", "4.03. UsingDerived\4.03. UsingDerived.csproj", "{4BF5EE05-64CB-4634-B13B-C7E0CFB27864}"
EndProject
Project("{9A19103F-16F7-4668-BE54-9A1E7A4F7556}") = "4.04. FireChief2", "4.04. FireChief2\4.04. FireChief2.csproj", "{FE1CF67E-85B2-4104-B425-AE7164B036DC}"
EndProject
Project("{9A19103F-16F7-4668-BE54-9A1E7A4F7556}") = "4.05. Override", "4.05. Override\4.05. Override.csproj", "{89ADB99F-C264-4825-8ECB-693A3A20BB7A}"
EndProject
Project("{9A19103F-16F7-4668-BE54-9A1E7A4F7556}") = "4.06. FireFighter3", "4.06. FireFighter3\4.06. FireFighter3.csproj", "{7FF16B2F-3162-4DE9-931C-7E2A9809B98E}"
EndProject
Project("{9A19103F-16F7-4668-BE54-9A1E7A4F7556}") = "4.07. TraineeFirefighter", "4.07. TraineeFirefighter\4.07. TraineeFirefighter.csproj", "{273CD294-55D9-4A0A-9805-C24ECBBA7F00}"
EndProject
Project("{9A19103F-16F7-4668-BE54-9A1E7A4F7556}") = "4.08. TraineeFirefighter", "4.08. TraineeFirefighter\4.08. TraineeFirefighter.csproj", "{23370BB7-1C1A-491B-9BE4-C4A713C269EE}"
EndProject
Project("{9A19103F-16F7-4668-BE54-9A1E7A4F7556}") = "4.09. Abstract", "4.09. Abstract\4.09. Abstract.csproj", "{463250D9-CF71-4F0A-BDE7-4B20AE659F7F}"
EndProject
Project("{9A19103F-16F7-4668-BE54-9A1E7A4F7556}") = "4.10. Interface", "4.10. Interface\4.10. Interface.csproj", "{3873E57A-2421-480F-94BE-14EC2F34C0A2}"
EndProject
Project("{9A19103F-16F7-4668-BE54-9A1E7A4F7556}") = "4.11. RuntimeType", "4.11. RuntimeType\4.11. RuntimeType.csproj", "{C63A7E10-7FD4-4FCA-80B8-B64F5BC821B9}"
EndProject
Project("{9A19103F-16F7-4668-BE54-9A1E7A4F7556}") = "5.01. Problem1", "5.01. Problem1\5.01. Problem1.csproj", "{EA8382DB-FFDE-453A-8C3A-6D486193FB48}"
EndProject
Project("{9A19103F-16F7-4668-BE54-9A1E7A4F7556}") = "5.02. Problem2", "5.02. Problem2\5.02. Problem2.csproj", "{550B2CA0-5C9E-48D8-8DA2-C9717DA13F2C}"
EndProject
Project("{9A19103F-16F7-4668-BE54-9A1E7A4F7556}") = "5.03. Problem3", "5.03. Problem3\5.03. Problem3.csproj", "{2D048C5C-13E0-429D-8F8F-6F9F70E34675}"
EndProject
Project("{9A19103F-16F7-4668-BE54-9A1E7A4F7556}") = "5.04. Problem4", "5.04. Problem4\5.04. Problem4.csproj", "{63CEDFBC-5A59-4B25-9A0F-3FE54B64DD32}"
EndProject
Project("{9A19103F-16F7-4668-BE54-9A1E7A4F7556}") = "5.05. Problem5", "5.05. Problem5\5.05. Problem5.csproj", "{7EFFFFE2-01DC-4B41-BC8F-D51A3DF53EB7}"
EndProject
Project("{FAE04EC0-301F-11D3-BF4B-00C04F79EFBC}") = "X.01 Action", "X.01 Action\X.01 Action.csproj", "{6186D18B-4B4C-4EBC-96AF-22633611D79D}"
EndProject
Project("{FAE04EC0-301F-11D3-BF4B-00C04F79EFBC}") = "X.02 Predicate", "X.02 Predicate\X.02 Predicate.csproj", "{75E372E0-F0B5-4E71-93A7-3E10F1019545}"
EndProject
Project("{FAE04EC0-301F-11D3-BF4B-00C04F79EFBC}") = "X.03 Func", "X.03 Func\X.03 Func.csproj", "{7EDC867B-E568-4FCB-8B39-0DC75981D88F}"
EndProject
Project("{FAE04EC0-301F-11D3-BF4B-00C04F79EFBC}") = "X.04 Kvadriranje", "X.04 Kvadriranje\X.04 Kvadriranje.csproj", "{7752ED60-97C4-466B-9F62-6C5DFA935A20}"
EndProject
Project("{FAE04EC0-301F-11D3-BF4B-00C04F79EFBC}") = "X.05 Izrazi", "X.05 Izrazi\X.05 Izrazi.csproj", "{362B78F6-796F-4B28-B7E2-E51D87AB72F4}"
EndProject
Project("{FAE04EC0-301F-11D3-BF4B-00C04F79EFBC}") = "X.06 Blok", "X.06 Blok\X.06 Blok.csproj", "{F3CB0C1C-9336-498E-BD4F-AF8D2D9EB00C}"
EndProject
Project("{FAE04EC0-301F-11D3-BF4B-00C04F79EFBC}") = "X.07 Async", "X.07 Async\X.07 Async.csproj", "{B8578247-8566-4C53-ACC1-29B5ACF00FF6}"
EndProject
Project("{FAE04EC0-301F-11D3-BF4B-00C04F79EFBC}") = "X.08 Query", "X.08 Query\X.08 Query.csproj", "{D853CA85-DBD2-43A9-A725-213426372C13}"
EndProject
Project("{FAE04EC0-301F-11D3-BF4B-00C04F79EFBC}") = "X.09 Filenames", "X.09 Filenames\X.09 Filenames.csproj", "{A4CE41F7-DFDC-4218-B53B-6497C29B5914}"
EndProject
Project("{FAE04EC0-301F-11D3-BF4B-00C04F79EFBC}") = "X.10 Intro", "X.10 Intro\X.10 Intro.csproj", "{D7CE91CB-9DCF-45B2-837D-9BD6EC4A3C0C}"
EndProject
Project("{FAE04EC0-301F-11D3-BF4B-00C04F79EFBC}") = "X.11 Filter", "X.11 Filter\X.11 Filter.csproj", "{7BA7B979-70A5-47C2-98C6-62D9343F8DE7}"
EndProject
Project("{FAE04EC0-301F-11D3-BF4B-00C04F79EFBC}") = "X.12 Order", "X.12 Order\X.12 Order.csproj", "{944CB598-ACE4-4EEF-9B06-809BAB3A2948}"
EndProject
Project("{FAE04EC0-301F-11D3-BF4B-00C04F79EFBC}") = "X.13 Group", "X.13 Group\X.13 Group.csproj", "{263EAC82-194B-4EE3-89A1-C8764DDD8394}"
EndProject
Project("{FAE04EC0-301F-11D3-BF4B-00C04F79EFBC}") = "X.14 Povratna", "X.14 Povratna\X.14 Povratna.csproj", "{B4616F4B-83AD-44FD-820A-11E889864123}"
EndProject
Project("{FAE04EC0-301F-11D3-BF4B-00C04F79EFBC}") = "X.15 Kompajler", "X.15 Kompajler\X.15 Kompajler.csproj", "{79E60ADA-3CB6-4C35-B5DE-8DD8A420AE07}"
EndProject
Project("{FAE04EC0-301F-11D3-BF4B-00C04F79EFBC}") = "X.16 Linq", "X.16 Linq\X.16 Linq.csproj", "{D9E665A5-6375-4F02-AD59-60B47D112326}"
EndProject
Global
	GlobalSection(SolutionConfigurationPlatforms) = preSolution
		Debug|Any CPU = Debug|Any CPU
		Release|Any CPU = Release|Any CPU
	EndGlobalSection
	GlobalSection(ProjectConfigurationPlatforms) = postSolution
		{DEB48A0E-C545-4995-B271-F65E44086B3B}.Debug|Any CPU.ActiveCfg = Debug|Any CPU
		{DEB48A0E-C545-4995-B271-F65E44086B3B}.Debug|Any CPU.Build.0 = Debug|Any CPU
		{DEB48A0E-C545-4995-B271-F65E44086B3B}.Release|Any CPU.ActiveCfg = Release|Any CPU
		{DEB48A0E-C545-4995-B271-F65E44086B3B}.Release|Any CPU.Build.0 = Release|Any CPU
		{B06B4175-DD74-4763-B645-367BB6B27E18}.Debug|Any CPU.ActiveCfg = Debug|Any CPU
		{B06B4175-DD74-4763-B645-367BB6B27E18}.Debug|Any CPU.Build.0 = Debug|Any CPU
		{B06B4175-DD74-4763-B645-367BB6B27E18}.Release|Any CPU.ActiveCfg = Release|Any CPU
		{B06B4175-DD74-4763-B645-367BB6B27E18}.Release|Any CPU.Build.0 = Release|Any CPU
		{F9CD77FC-34FC-456C-A12F-003BA5BCC98E}.Debug|Any CPU.ActiveCfg = Debug|Any CPU
		{F9CD77FC-34FC-456C-A12F-003BA5BCC98E}.Debug|Any CPU.Build.0 = Debug|Any CPU
		{F9CD77FC-34FC-456C-A12F-003BA5BCC98E}.Release|Any CPU.ActiveCfg = Release|Any CPU
		{F9CD77FC-34FC-456C-A12F-003BA5BCC98E}.Release|Any CPU.Build.0 = Release|Any CPU
		{101BA3CA-D0F3-4EDB-AB11-BE6E717CA212}.Debug|Any CPU.ActiveCfg = Debug|Any CPU
		{101BA3CA-D0F3-4EDB-AB11-BE6E717CA212}.Debug|Any CPU.Build.0 = Debug|Any CPU
		{101BA3CA-D0F3-4EDB-AB11-BE6E717CA212}.Release|Any CPU.ActiveCfg = Release|Any CPU
		{101BA3CA-D0F3-4EDB-AB11-BE6E717CA212}.Release|Any CPU.Build.0 = Release|Any CPU
		{DB407415-6E19-48CF-833B-95B500214B2B}.Debug|Any CPU.ActiveCfg = Debug|Any CPU
		{DB407415-6E19-48CF-833B-95B500214B2B}.Debug|Any CPU.Build.0 = Debug|Any CPU
		{DB407415-6E19-48CF-833B-95B500214B2B}.Release|Any CPU.ActiveCfg = Release|Any CPU
		{DB407415-6E19-48CF-833B-95B500214B2B}.Release|Any CPU.Build.0 = Release|Any CPU
		{3DD9FFD3-9600-49CA-980C-608A1693E76B}.Debug|Any CPU.ActiveCfg = Debug|Any CPU
		{3DD9FFD3-9600-49CA-980C-608A1693E76B}.Debug|Any CPU.Build.0 = Debug|Any CPU
		{3DD9FFD3-9600-49CA-980C-608A1693E76B}.Release|Any CPU.ActiveCfg = Release|Any CPU
		{3DD9FFD3-9600-49CA-980C-608A1693E76B}.Release|Any CPU.Build.0 = Release|Any CPU
		{8A9763C9-4B88-49C4-B640-8E54EEE07AAF}.Debug|Any CPU.ActiveCfg = Debug|Any CPU
		{8A9763C9-4B88-49C4-B640-8E54EEE07AAF}.Debug|Any CPU.Build.0 = Debug|Any CPU
		{8A9763C9-4B88-49C4-B640-8E54EEE07AAF}.Release|Any CPU.ActiveCfg = Release|Any CPU
		{8A9763C9-4B88-49C4-B640-8E54EEE07AAF}.Release|Any CPU.Build.0 = Release|Any CPU
		{7001E74B-B309-4B3C-996E-0C93E02723A4}.Debug|Any CPU.ActiveCfg = Debug|Any CPU
		{7001E74B-B309-4B3C-996E-0C93E02723A4}.Debug|Any CPU.Build.0 = Debug|Any CPU
		{7001E74B-B309-4B3C-996E-0C93E02723A4}.Release|Any CPU.ActiveCfg = Release|Any CPU
		{7001E74B-B309-4B3C-996E-0C93E02723A4}.Release|Any CPU.Build.0 = Release|Any CPU
		{035A7E3D-2F87-41B4-A587-2687ABB3A8DA}.Debug|Any CPU.ActiveCfg = Debug|Any CPU
		{035A7E3D-2F87-41B4-A587-2687ABB3A8DA}.Debug|Any CPU.Build.0 = Debug|Any CPU
		{035A7E3D-2F87-41B4-A587-2687ABB3A8DA}.Release|Any CPU.ActiveCfg = Release|Any CPU
		{035A7E3D-2F87-41B4-A587-2687ABB3A8DA}.Release|Any CPU.Build.0 = Release|Any CPU
		{C6AD7948-43F8-451C-B366-E8B71524C165}.Debug|Any CPU.ActiveCfg = Debug|Any CPU
		{C6AD7948-43F8-451C-B366-E8B71524C165}.Debug|Any CPU.Build.0 = Debug|Any CPU
		{C6AD7948-43F8-451C-B366-E8B71524C165}.Release|Any CPU.ActiveCfg = Release|Any CPU
		{C6AD7948-43F8-451C-B366-E8B71524C165}.Release|Any CPU.Build.0 = Release|Any CPU
		{7F8FC438-B6B1-4DA4-BDE1-31D16FFDC67C}.Debug|Any CPU.ActiveCfg = Debug|Any CPU
		{7F8FC438-B6B1-4DA4-BDE1-31D16FFDC67C}.Debug|Any CPU.Build.0 = Debug|Any CPU
		{7F8FC438-B6B1-4DA4-BDE1-31D16FFDC67C}.Release|Any CPU.ActiveCfg = Release|Any CPU
		{7F8FC438-B6B1-4DA4-BDE1-31D16FFDC67C}.Release|Any CPU.Build.0 = Release|Any CPU
		{EB3235B4-0542-470C-8FD5-DFC35B7EDE6D}.Debug|Any CPU.ActiveCfg = Debug|Any CPU
		{EB3235B4-0542-470C-8FD5-DFC35B7EDE6D}.Debug|Any CPU.Build.0 = Debug|Any CPU
		{EB3235B4-0542-470C-8FD5-DFC35B7EDE6D}.Release|Any CPU.ActiveCfg = Release|Any CPU
		{EB3235B4-0542-470C-8FD5-DFC35B7EDE6D}.Release|Any CPU.Build.0 = Release|Any CPU
		{8B0D2818-0690-4EE8-BDB8-470A98AC6E5B}.Debug|Any CPU.ActiveCfg = Debug|Any CPU
		{8B0D2818-0690-4EE8-BDB8-470A98AC6E5B}.Debug|Any CPU.Build.0 = Debug|Any CPU
		{8B0D2818-0690-4EE8-BDB8-470A98AC6E5B}.Release|Any CPU.ActiveCfg = Release|Any CPU
		{8B0D2818-0690-4EE8-BDB8-470A98AC6E5B}.Release|Any CPU.Build.0 = Release|Any CPU
		{3997B876-C6CA-4982-A53F-151FA66D0A37}.Debug|Any CPU.ActiveCfg = Debug|Any CPU
		{3997B876-C6CA-4982-A53F-151FA66D0A37}.Debug|Any CPU.Build.0 = Debug|Any CPU
		{3997B876-C6CA-4982-A53F-151FA66D0A37}.Release|Any CPU.ActiveCfg = Release|Any CPU
		{3997B876-C6CA-4982-A53F-151FA66D0A37}.Release|Any CPU.Build.0 = Release|Any CPU
		{3AA667D7-B4C5-4951-8DDB-2A0DDDB268AE}.Debug|Any CPU.ActiveCfg = Debug|Any CPU
		{3AA667D7-B4C5-4951-8DDB-2A0DDDB268AE}.Debug|Any CPU.Build.0 = Debug|Any CPU
		{3AA667D7-B4C5-4951-8DDB-2A0DDDB268AE}.Release|Any CPU.ActiveCfg = Release|Any CPU
		{3AA667D7-B4C5-4951-8DDB-2A0DDDB268AE}.Release|Any CPU.Build.0 = Release|Any CPU
		{DB075A50-BAFF-4DC8-B90C-85554EA4F2FC}.Debug|Any CPU.ActiveCfg = Debug|Any CPU
		{DB075A50-BAFF-4DC8-B90C-85554EA4F2FC}.Debug|Any CPU.Build.0 = Debug|Any CPU
		{DB075A50-BAFF-4DC8-B90C-85554EA4F2FC}.Release|Any CPU.ActiveCfg = Release|Any CPU
		{DB075A50-BAFF-4DC8-B90C-85554EA4F2FC}.Release|Any CPU.Build.0 = Release|Any CPU
		{7DFEC429-112D-48DD-BAD9-801650C90BE6}.Debug|Any CPU.ActiveCfg = Debug|Any CPU
		{7DFEC429-112D-48DD-BAD9-801650C90BE6}.Debug|Any CPU.Build.0 = Debug|Any CPU
		{7DFEC429-112D-48DD-BAD9-801650C90BE6}.Release|Any CPU.ActiveCfg = Release|Any CPU
		{7DFEC429-112D-48DD-BAD9-801650C90BE6}.Release|Any CPU.Build.0 = Release|Any CPU
		{8FD97F12-4213-49D1-BCF0-299C8D4A11B3}.Debug|Any CPU.ActiveCfg = Debug|Any CPU
		{8FD97F12-4213-49D1-BCF0-299C8D4A11B3}.Debug|Any CPU.Build.0 = Debug|Any CPU
		{8FD97F12-4213-49D1-BCF0-299C8D4A11B3}.Release|Any CPU.ActiveCfg = Release|Any CPU
		{8FD97F12-4213-49D1-BCF0-299C8D4A11B3}.Release|Any CPU.Build.0 = Release|Any CPU
		{892D4D2A-50BB-44C8-97AD-39CCCBF0FFCB}.Debug|Any CPU.ActiveCfg = Debug|Any CPU
		{892D4D2A-50BB-44C8-97AD-39CCCBF0FFCB}.Debug|Any CPU.Build.0 = Debug|Any CPU
		{892D4D2A-50BB-44C8-97AD-39CCCBF0FFCB}.Release|Any CPU.ActiveCfg = Release|Any CPU
		{892D4D2A-50BB-44C8-97AD-39CCCBF0FFCB}.Release|Any CPU.Build.0 = Release|Any CPU
		{02BD8D88-0CAF-43CF-A73C-F36262206E67}.Debug|Any CPU.ActiveCfg = Debug|Any CPU
		{02BD8D88-0CAF-43CF-A73C-F36262206E67}.Debug|Any CPU.Build.0 = Debug|Any CPU
		{02BD8D88-0CAF-43CF-A73C-F36262206E67}.Release|Any CPU.ActiveCfg = Release|Any CPU
		{02BD8D88-0CAF-43CF-A73C-F36262206E67}.Release|Any CPU.Build.0 = Release|Any CPU
		{CCB9F43C-5A6B-4183-8C67-8BF128ADBE44}.Debug|Any CPU.ActiveCfg = Debug|Any CPU
		{CCB9F43C-5A6B-4183-8C67-8BF128ADBE44}.Debug|Any CPU.Build.0 = Debug|Any CPU
		{CCB9F43C-5A6B-4183-8C67-8BF128ADBE44}.Release|Any CPU.ActiveCfg = Release|Any CPU
		{CCB9F43C-5A6B-4183-8C67-8BF128ADBE44}.Release|Any CPU.Build.0 = Release|Any CPU
		{A71EE82A-E529-4B30-93C3-E11EF047F852}.Debug|Any CPU.ActiveCfg = Debug|Any CPU
		{A71EE82A-E529-4B30-93C3-E11EF047F852}.Debug|Any CPU.Build.0 = Debug|Any CPU
		{A71EE82A-E529-4B30-93C3-E11EF047F852}.Release|Any CPU.ActiveCfg = Release|Any CPU
		{A71EE82A-E529-4B30-93C3-E11EF047F852}.Release|Any CPU.Build.0 = Release|Any CPU
		{9DF44019-7C9D-4490-B227-CE52E4436826}.Debug|Any CPU.ActiveCfg = Debug|Any CPU
		{9DF44019-7C9D-4490-B227-CE52E4436826}.Debug|Any CPU.Build.0 = Debug|Any CPU
		{9DF44019-7C9D-4490-B227-CE52E4436826}.Release|Any CPU.ActiveCfg = Release|Any CPU
		{9DF44019-7C9D-4490-B227-CE52E4436826}.Release|Any CPU.Build.0 = Release|Any CPU
		{4BF5EE05-64CB-4634-B13B-C7E0CFB27864}.Debug|Any CPU.ActiveCfg = Debug|Any CPU
		{4BF5EE05-64CB-4634-B13B-C7E0CFB27864}.Debug|Any CPU.Build.0 = Debug|Any CPU
		{4BF5EE05-64CB-4634-B13B-C7E0CFB27864}.Release|Any CPU.ActiveCfg = Release|Any CPU
		{4BF5EE05-64CB-4634-B13B-C7E0CFB27864}.Release|Any CPU.Build.0 = Release|Any CPU
		{FE1CF67E-85B2-4104-B425-AE7164B036DC}.Debug|Any CPU.ActiveCfg = Debug|Any CPU
		{FE1CF67E-85B2-4104-B425-AE7164B036DC}.Debug|Any CPU.Build.0 = Debug|Any CPU
		{FE1CF67E-85B2-4104-B425-AE7164B036DC}.Release|Any CPU.ActiveCfg = Release|Any CPU
		{FE1CF67E-85B2-4104-B425-AE7164B036DC}.Release|Any CPU.Build.0 = Release|Any CPU
		{89ADB99F-C264-4825-8ECB-693A3A20BB7A}.Debug|Any CPU.ActiveCfg = Debug|Any CPU
		{89ADB99F-C264-4825-8ECB-693A3A20BB7A}.Debug|Any CPU.Build.0 = Debug|Any CPU
		{89ADB99F-C264-4825-8ECB-693A3A20BB7A}.Release|Any CPU.ActiveCfg = Release|Any CPU
		{89ADB99F-C264-4825-8ECB-693A3A20BB7A}.Release|Any CPU.Build.0 = Release|Any CPU
		{7FF16B2F-3162-4DE9-931C-7E2A9809B98E}.Debug|Any CPU.ActiveCfg = Debug|Any CPU
		{7FF16B2F-3162-4DE9-931C-7E2A9809B98E}.Debug|Any CPU.Build.0 = Debug|Any CPU
		{7FF16B2F-3162-4DE9-931C-7E2A9809B98E}.Release|Any CPU.ActiveCfg = Release|Any CPU
		{7FF16B2F-3162-4DE9-931C-7E2A9809B98E}.Release|Any CPU.Build.0 = Release|Any CPU
		{273CD294-55D9-4A0A-9805-C24ECBBA7F00}.Debug|Any CPU.ActiveCfg = Debug|Any CPU
		{273CD294-55D9-4A0A-9805-C24ECBBA7F00}.Debug|Any CPU.Build.0 = Debug|Any CPU
		{273CD294-55D9-4A0A-9805-C24ECBBA7F00}.Release|Any CPU.ActiveCfg = Release|Any CPU
		{273CD294-55D9-4A0A-9805-C24ECBBA7F00}.Release|Any CPU.Build.0 = Release|Any CPU
		{23370BB7-1C1A-491B-9BE4-C4A713C269EE}.Debug|Any CPU.ActiveCfg = Debug|Any CPU
		{23370BB7-1C1A-491B-9BE4-C4A713C269EE}.Debug|Any CPU.Build.0 = Debug|Any CPU
		{23370BB7-1C1A-491B-9BE4-C4A713C269EE}.Release|Any CPU.ActiveCfg = Release|Any CPU
		{23370BB7-1C1A-491B-9BE4-C4A713C269EE}.Release|Any CPU.Build.0 = Release|Any CPU
		{463250D9-CF71-4F0A-BDE7-4B20AE659F7F}.Debug|Any CPU.ActiveCfg = Debug|Any CPU
		{463250D9-CF71-4F0A-BDE7-4B20AE659F7F}.Debug|Any CPU.Build.0 = Debug|Any CPU
		{463250D9-CF71-4F0A-BDE7-4B20AE659F7F}.Release|Any CPU.ActiveCfg = Release|Any CPU
		{463250D9-CF71-4F0A-BDE7-4B20AE659F7F}.Release|Any CPU.Build.0 = Release|Any CPU
		{3873E57A-2421-480F-94BE-14EC2F34C0A2}.Debug|Any CPU.ActiveCfg = Debug|Any CPU
		{3873E57A-2421-480F-94BE-14EC2F34C0A2}.Debug|Any CPU.Build.0 = Debug|Any CPU
		{3873E57A-2421-480F-94BE-14EC2F34C0A2}.Release|Any CPU.ActiveCfg = Release|Any CPU
		{3873E57A-2421-480F-94BE-14EC2F34C0A2}.Release|Any CPU.Build.0 = Release|Any CPU
		{C63A7E10-7FD4-4FCA-80B8-B64F5BC821B9}.Debug|Any CPU.ActiveCfg = Debug|Any CPU
		{C63A7E10-7FD4-4FCA-80B8-B64F5BC821B9}.Debug|Any CPU.Build.0 = Debug|Any CPU
		{C63A7E10-7FD4-4FCA-80B8-B64F5BC821B9}.Release|Any CPU.ActiveCfg = Release|Any CPU
		{C63A7E10-7FD4-4FCA-80B8-B64F5BC821B9}.Release|Any CPU.Build.0 = Release|Any CPU
		{EA8382DB-FFDE-453A-8C3A-6D486193FB48}.Debug|Any CPU.ActiveCfg = Debug|Any CPU
		{EA8382DB-FFDE-453A-8C3A-6D486193FB48}.Debug|Any CPU.Build.0 = Debug|Any CPU
		{EA8382DB-FFDE-453A-8C3A-6D486193FB48}.Release|Any CPU.ActiveCfg = Release|Any CPU
		{EA8382DB-FFDE-453A-8C3A-6D486193FB48}.Release|Any CPU.Build.0 = Release|Any CPU
		{550B2CA0-5C9E-48D8-8DA2-C9717DA13F2C}.Debug|Any CPU.ActiveCfg = Debug|Any CPU
		{550B2CA0-5C9E-48D8-8DA2-C9717DA13F2C}.Debug|Any CPU.Build.0 = Debug|Any CPU
		{550B2CA0-5C9E-48D8-8DA2-C9717DA13F2C}.Release|Any CPU.ActiveCfg = Release|Any CPU
		{550B2CA0-5C9E-48D8-8DA2-C9717DA13F2C}.Release|Any CPU.Build.0 = Release|Any CPU
		{2D048C5C-13E0-429D-8F8F-6F9F70E34675}.Debug|Any CPU.ActiveCfg = Debug|Any CPU
		{2D048C5C-13E0-429D-8F8F-6F9F70E34675}.Debug|Any CPU.Build.0 = Debug|Any CPU
		{2D048C5C-13E0-429D-8F8F-6F9F70E34675}.Release|Any CPU.ActiveCfg = Release|Any CPU
		{2D048C5C-13E0-429D-8F8F-6F9F70E34675}.Release|Any CPU.Build.0 = Release|Any CPU
		{63CEDFBC-5A59-4B25-9A0F-3FE54B64DD32}.Debug|Any CPU.ActiveCfg = Debug|Any CPU
		{63CEDFBC-5A59-4B25-9A0F-3FE54B64DD32}.Debug|Any CPU.Build.0 = Debug|Any CPU
		{63CEDFBC-5A59-4B25-9A0F-3FE54B64DD32}.Release|Any CPU.ActiveCfg = Release|Any CPU
		{63CEDFBC-5A59-4B25-9A0F-3FE54B64DD32}.Release|Any CPU.Build.0 = Release|Any CPU
		{7EFFFFE2-01DC-4B41-BC8F-D51A3DF53EB7}.Debug|Any CPU.ActiveCfg = Debug|Any CPU
		{7EFFFFE2-01DC-4B41-BC8F-D51A3DF53EB7}.Debug|Any CPU.Build.0 = Debug|Any CPU
		{7EFFFFE2-01DC-4B41-BC8F-D51A3DF53EB7}.Release|Any CPU.ActiveCfg = Release|Any CPU
		{7EFFFFE2-01DC-4B41-BC8F-D51A3DF53EB7}.Release|Any CPU.Build.0 = Release|Any CPU
		{6186D18B-4B4C-4EBC-96AF-22633611D79D}.Debug|Any CPU.ActiveCfg = Debug|Any CPU
		{6186D18B-4B4C-4EBC-96AF-22633611D79D}.Debug|Any CPU.Build.0 = Debug|Any CPU
		{6186D18B-4B4C-4EBC-96AF-22633611D79D}.Release|Any CPU.ActiveCfg = Release|Any CPU
		{6186D18B-4B4C-4EBC-96AF-22633611D79D}.Release|Any CPU.Build.0 = Release|Any CPU
		{75E372E0-F0B5-4E71-93A7-3E10F1019545}.Debug|Any CPU.ActiveCfg = Debug|Any CPU
		{75E372E0-F0B5-4E71-93A7-3E10F1019545}.Debug|Any CPU.Build.0 = Debug|Any CPU
		{75E372E0-F0B5-4E71-93A7-3E10F1019545}.Release|Any CPU.ActiveCfg = Release|Any CPU
		{75E372E0-F0B5-4E71-93A7-3E10F1019545}.Release|Any CPU.Build.0 = Release|Any CPU
		{7EDC867B-E568-4FCB-8B39-0DC75981D88F}.Debug|Any CPU.ActiveCfg = Debug|Any CPU
		{7EDC867B-E568-4FCB-8B39-0DC75981D88F}.Debug|Any CPU.Build.0 = Debug|Any CPU
		{7EDC867B-E568-4FCB-8B39-0DC75981D88F}.Release|Any CPU.ActiveCfg = Release|Any CPU
		{7EDC867B-E568-4FCB-8B39-0DC75981D88F}.Release|Any CPU.Build.0 = Release|Any CPU
		{7752ED60-97C4-466B-9F62-6C5DFA935A20}.Debug|Any CPU.ActiveCfg = Debug|Any CPU
		{7752ED60-97C4-466B-9F62-6C5DFA935A20}.Debug|Any CPU.Build.0 = Debug|Any CPU
		{7752ED60-97C4-466B-9F62-6C5DFA935A20}.Release|Any CPU.ActiveCfg = Release|Any CPU
		{7752ED60-97C4-466B-9F62-6C5DFA935A20}.Release|Any CPU.Build.0 = Release|Any CPU
		{362B78F6-796F-4B28-B7E2-E51D87AB72F4}.Debug|Any CPU.ActiveCfg = Debug|Any CPU
		{362B78F6-796F-4B28-B7E2-E51D87AB72F4}.Debug|Any CPU.Build.0 = Debug|Any CPU
		{362B78F6-796F-4B28-B7E2-E51D87AB72F4}.Release|Any CPU.ActiveCfg = Release|Any CPU
		{362B78F6-796F-4B28-B7E2-E51D87AB72F4}.Release|Any CPU.Build.0 = Release|Any CPU
		{F3CB0C1C-9336-498E-BD4F-AF8D2D9EB00C}.Debug|Any CPU.ActiveCfg = Debug|Any CPU
		{F3CB0C1C-9336-498E-BD4F-AF8D2D9EB00C}.Debug|Any CPU.Build.0 = Debug|Any CPU
		{F3CB0C1C-9336-498E-BD4F-AF8D2D9EB00C}.Release|Any CPU.ActiveCfg = Release|Any CPU
		{F3CB0C1C-9336-498E-BD4F-AF8D2D9EB00C}.Release|Any CPU.Build.0 = Release|Any CPU
		{B8578247-8566-4C53-ACC1-29B5ACF00FF6}.Debug|Any CPU.ActiveCfg = Debug|Any CPU
		{B8578247-8566-4C53-ACC1-29B5ACF00FF6}.Debug|Any CPU.Build.0 = Debug|Any CPU
		{B8578247-8566-4C53-ACC1-29B5ACF00FF6}.Release|Any CPU.ActiveCfg = Release|Any CPU
		{B8578247-8566-4C53-ACC1-29B5ACF00FF6}.Release|Any CPU.Build.0 = Release|Any CPU
		{D853CA85-DBD2-43A9-A725-213426372C13}.Debug|Any CPU.ActiveCfg = Debug|Any CPU
		{D853CA85-DBD2-43A9-A725-213426372C13}.Debug|Any CPU.Build.0 = Debug|Any CPU
		{D853CA85-DBD2-43A9-A725-213426372C13}.Release|Any CPU.ActiveCfg = Release|Any CPU
		{D853CA85-DBD2-43A9-A725-213426372C13}.Release|Any CPU.Build.0 = Release|Any CPU
		{A4CE41F7-DFDC-4218-B53B-6497C29B5914}.Debug|Any CPU.ActiveCfg = Debug|Any CPU
		{A4CE41F7-DFDC-4218-B53B-6497C29B5914}.Debug|Any CPU.Build.0 = Debug|Any CPU
		{A4CE41F7-DFDC-4218-B53B-6497C29B5914}.Release|Any CPU.ActiveCfg = Release|Any CPU
		{A4CE41F7-DFDC-4218-B53B-6497C29B5914}.Release|Any CPU.Build.0 = Release|Any CPU
		{D7CE91CB-9DCF-45B2-837D-9BD6EC4A3C0C}.Debug|Any CPU.ActiveCfg = Debug|Any CPU
		{D7CE91CB-9DCF-45B2-837D-9BD6EC4A3C0C}.Debug|Any CPU.Build.0 = Debug|Any CPU
		{D7CE91CB-9DCF-45B2-837D-9BD6EC4A3C0C}.Release|Any CPU.ActiveCfg = Release|Any CPU
		{D7CE91CB-9DCF-45B2-837D-9BD6EC4A3C0C}.Release|Any CPU.Build.0 = Release|Any CPU
		{7BA7B979-70A5-47C2-98C6-62D9343F8DE7}.Debug|Any CPU.ActiveCfg = Debug|Any CPU
		{7BA7B979-70A5-47C2-98C6-62D9343F8DE7}.Debug|Any CPU.Build.0 = Debug|Any CPU
		{7BA7B979-70A5-47C2-98C6-62D9343F8DE7}.Release|Any CPU.ActiveCfg = Release|Any CPU
		{7BA7B979-70A5-47C2-98C6-62D9343F8DE7}.Release|Any CPU.Build.0 = Release|Any CPU
		{944CB598-ACE4-4EEF-9B06-809BAB3A2948}.Debug|Any CPU.ActiveCfg = Debug|Any CPU
		{944CB598-ACE4-4EEF-9B06-809BAB3A2948}.Debug|Any CPU.Build.0 = Debug|Any CPU
		{944CB598-ACE4-4EEF-9B06-809BAB3A2948}.Release|Any CPU.ActiveCfg = Release|Any CPU
		{944CB598-ACE4-4EEF-9B06-809BAB3A2948}.Release|Any CPU.Build.0 = Release|Any CPU
		{263EAC82-194B-4EE3-89A1-C8764DDD8394}.Debug|Any CPU.ActiveCfg = Debug|Any CPU
		{263EAC82-194B-4EE3-89A1-C8764DDD8394}.Debug|Any CPU.Build.0 = Debug|Any CPU
		{263EAC82-194B-4EE3-89A1-C8764DDD8394}.Release|Any CPU.ActiveCfg = Release|Any CPU
		{263EAC82-194B-4EE3-89A1-C8764DDD8394}.Release|Any CPU.Build.0 = Release|Any CPU
		{B4616F4B-83AD-44FD-820A-11E889864123}.Debug|Any CPU.ActiveCfg = Debug|Any CPU
		{B4616F4B-83AD-44FD-820A-11E889864123}.Debug|Any CPU.Build.0 = Debug|Any CPU
		{B4616F4B-83AD-44FD-820A-11E889864123}.Release|Any CPU.ActiveCfg = Release|Any CPU
		{B4616F4B-83AD-44FD-820A-11E889864123}.Release|Any CPU.Build.0 = Release|Any CPU
		{79E60ADA-3CB6-4C35-B5DE-8DD8A420AE07}.Debug|Any CPU.ActiveCfg = Debug|Any CPU
		{79E60ADA-3CB6-4C35-B5DE-8DD8A420AE07}.Debug|Any CPU.Build.0 = Debug|Any CPU
		{79E60ADA-3CB6-4C35-B5DE-8DD8A420AE07}.Release|Any CPU.ActiveCfg = Release|Any CPU
		{79E60ADA-3CB6-4C35-B5DE-8DD8A420AE07}.Release|Any CPU.Build.0 = Release|Any CPU
		{D9E665A5-6375-4F02-AD59-60B47D112326}.Debug|Any CPU.ActiveCfg = Debug|Any CPU
		{D9E665A5-6375-4F02-AD59-60B47D112326}.Debug|Any CPU.Build.0 = Debug|Any CPU
		{D9E665A5-6375-4F02-AD59-60B47D112326}.Release|Any CPU.ActiveCfg = Release|Any CPU
		{D9E665A5-6375-4F02-AD59-60B47D112326}.Release|Any CPU.Build.0 = Release|Any CPU
	EndGlobalSection
	GlobalSection(SolutionProperties) = preSolution
		HideSolutionNode = FALSE
	EndGlobalSection
	GlobalSection(ExtensibilityGlobals) = postSolution
		SolutionGuid = {19877400-5A98-4CE5-9C3B-6ABAA06A9392}
	EndGlobalSection
EndGlobal
